{
  "nodes": {
    "nixpkgs": {
      "locked": {
        "lastModified": 1639776996,
        "narHash": "sha256-UNfo3o9NpEBJujkLO2htzHDXOspcblk5DV6Fp7jfPr0=",
        "owner": "NixOS",
        "repo": "nixpkgs",
        "rev": "facfb5b12913d99307adceb9baab16d8b545b653",
        "type": "github"
      },
      "original": {
        "owner": "NixOS",
        "ref": "master",
        "repo": "nixpkgs",
        "type": "github"
      }
    },
    "root": {
      "inputs": {
        "nixpkgs": "nixpkgs",
        "utils": "utils"
      }
    },
    "utils": {
      "locked": {
        "lastModified": 1637014545,
        "narHash": "sha256-26IZAc5yzlD9FlDT54io1oqG/bBoyka+FJk5guaX4x4=",
        "owner": "numtide",
        "repo": "flake-utils",
        "rev": "bba5dcc8e0b20ab664967ad83d24d64cb64ec4f4",
        "type": "github"
      },
      "original": {
        "owner": "numtide",
        "repo": "flake-utils",
        "type": "github"
      }
    }
  },
  "root": "root",
  "version": 7
}
